
Microsoft Visual Studio Solution File, Format Version 12.00
# Visual Studio Version 16
VisualStudioVersion = 16.0.29806.167
MinimumVisualStudioVersion = 10.0.40219.1
Project("{9A19103F-16F7-4668-BE54-9A1E7A4F7556}") = "EventsSpontaneousApi", "EventsSpontaneousApi\EventsSpontaneousApi.csproj", "{2AC95325-05BC-4C46-ADF1-4F5038D91428}"
EndProject
Project("{2150E333-8FDC-42A3-9474-1A3956D46DE8}") = "Solution Items", "Solution Items", "{E2719981-4AF4-4B41-A66C-6E64ECE8F9F9}"
	ProjectSection(SolutionItems) = preProject
		Specification\IECAdHoc.wsdl = Specification\IECAdHoc.wsdl
		Specification\IECAdHocReceiveReply.wsdl = Specification\IECAdHocReceiveReply.wsdl
		Specification\IECEventSubscription.wsdl = Specification\IECEventSubscription.wsdl
		Specification\IECManagement.wsdl = Specification\IECManagement.wsdl
		Specification\IECReceiveEvents.wsdl = Specification\IECReceiveEvents.wsdl
		Specification\IECWorkOrder.wsdl = Specification\IECWorkOrder.wsdl
		Specification\Interface Specification - Linkware IEC 61968 Ad Hoc v4.4.pdf = Specification\Interface Specification - Linkware IEC 61968 Ad Hoc v4.4.pdf
		Specification\Interface Specification - Linkware IEC 61968 Common v1.14.pdf = Specification\Interface Specification - Linkware IEC 61968 Common v1.14.pdf
		Specification\Interface Specification - Linkware IEC 61968 Event v2.3.pdf = Specification\Interface Specification - Linkware IEC 61968 Event v2.3.pdf
		Specification\Interface Specification - Linkware IEC 61968 Management v2.4 (ID 29774).pdf = Specification\Interface Specification - Linkware IEC 61968 Management v2.4 (ID 29774).pdf
		Specification\Interface Specification - Linkware IEC 61968 Work Order v1.2 (ID 29581).pdf = Specification\Interface Specification - Linkware IEC 61968 Work Order v1.2 (ID 29581).pdf
	EndProjectSection
EndProject
Project("{9A19103F-16F7-4668-BE54-9A1E7A4F7556}") = "EventsSpontaneousApi.Tests", "EventsSpontaneousApi.Tests\EventsSpontaneousApi.Tests.csproj", "{25E102D2-420C-4314-88B9-446BA0C7205A}"
EndProject
Global
	GlobalSection(SolutionConfigurationPlatforms) = preSolution
		Debug|Any CPU = Debug|Any CPU
		Release|Any CPU = Release|Any CPU
	EndGlobalSection
	GlobalSection(ProjectConfigurationPlatforms) = postSolution
		{2AC95325-05BC-4C46-ADF1-4F5038D91428}.Debug|Any CPU.ActiveCfg = Debug|Any CPU
		{2AC95325-05BC-4C46-ADF1-4F5038D91428}.Debug|Any CPU.Build.0 = Debug|Any CPU
		{2AC95325-05BC-4C46-ADF1-4F5038D91428}.Release|Any CPU.ActiveCfg = Release|Any CPU
		{2AC95325-05BC-4C46-ADF1-4F5038D91428}.Release|Any CPU.Build.0 = Release|Any CPU
		{25E102D2-420C-4314-88B9-446BA0C7205A}.Debug|Any CPU.ActiveCfg = Debug|Any CPU
		{25E102D2-420C-4314-88B9-446BA0C7205A}.Debug|Any CPU.Build.0 = Debug|Any CPU
		{25E102D2-420C-4314-88B9-446BA0C7205A}.Release|Any CPU.ActiveCfg = Release|Any CPU
		{25E102D2-420C-4314-88B9-446BA0C7205A}.Release|Any CPU.Build.0 = Release|Any CPU
	EndGlobalSection
	GlobalSection(SolutionProperties) = preSolution
		HideSolutionNode = FALSE
	EndGlobalSection
	GlobalSection(ExtensibilityGlobals) = postSolution
		SolutionGuid = {8E742D8C-DA89-4855-8E35-7D88F192CFE4}
	EndGlobalSection
EndGlobal
